
Microsoft Visual Studio Solution File, Format Version 12.00
# Visual Studio Version 17
VisualStudioVersion = 17.12.35707.178
MinimumVisualStudioVersion = 10.0.40219.1
Project("{FAE04EC0-301F-11D3-BF4B-00C04F79EFBC}") = "Domain", "Source\Domain\Domain.csproj", "{1DB53998-7E6C-4E7D-A097-B463B66E3988}"
EndProject
Project("{FAE04EC0-301F-11D3-BF4B-00C04F79EFBC}") = "Application", "Source\Application\Application.csproj", "{52023EFA-EEEC-4F95-9CF4-F22FF1657BB8}"
EndProject
Project("{FAE04EC0-301F-11D3-BF4B-00C04F79EFBC}") = "Api", "Source\Api\Api.csproj", "{E9F519C2-E2AB-4912-8061-A82F7876113B}"
EndProject
Project("{2150E333-8FDC-42A3-9474-1A3956D46DE8}") = "Tests", "Tests", "{D7E352FA-0E46-4FD8-98F1-AF742D99FB0A}"
EndProject
Project("{FAE04EC0-301F-11D3-BF4B-00C04F79EFBC}") = "Api.Tests", "Tests\Api.Tests\Api.Tests.csproj", "{D3C32A06-724E-4415-9D97-0D04C8C5BD6E}"
EndProject
Project("{FAE04EC0-301F-11D3-BF4B-00C04F79EFBC}") = "Application.Tests", "Tests\Application.Tests\Application.Tests.csproj", "{AE96A5BE-E32B-4B88-A0B0-BD15ED1BD814}"
EndProject
Project("{FAE04EC0-301F-11D3-BF4B-00C04F79EFBC}") = "Infrastructure", "Source\Infrastructure\Infrastructure.csproj", "{511EC865-A16E-46CA-9800-2C3AFD4C35ED}"
EndProject
Project("{FAE04EC0-301F-11D3-BF4B-00C04F79EFBC}") = "Infrastructure.Tests", "Tests\Infrastructure.Tests\Infrastructure.Tests.csproj", "{C3AA2C01-763E-43BE-AE94-A0664BFFC0C1}"
EndProject
Global
	GlobalSection(SolutionConfigurationPlatforms) = preSolution
		Debug|Any CPU = Debug|Any CPU
		Release|Any CPU = Release|Any CPU
	EndGlobalSection
	GlobalSection(ProjectConfigurationPlatforms) = postSolution
		{1DB53998-7E6C-4E7D-A097-B463B66E3988}.Debug|Any CPU.ActiveCfg = Debug|Any CPU
		{1DB53998-7E6C-4E7D-A097-B463B66E3988}.Debug|Any CPU.Build.0 = Debug|Any CPU
		{1DB53998-7E6C-4E7D-A097-B463B66E3988}.Release|Any CPU.ActiveCfg = Release|Any CPU
		{1DB53998-7E6C-4E7D-A097-B463B66E3988}.Release|Any CPU.Build.0 = Release|Any CPU
		{52023EFA-EEEC-4F95-9CF4-F22FF1657BB8}.Debug|Any CPU.ActiveCfg = Debug|Any CPU
		{52023EFA-EEEC-4F95-9CF4-F22FF1657BB8}.Debug|Any CPU.Build.0 = Debug|Any CPU
		{52023EFA-EEEC-4F95-9CF4-F22FF1657BB8}.Release|Any CPU.ActiveCfg = Release|Any CPU
		{52023EFA-EEEC-4F95-9CF4-F22FF1657BB8}.Release|Any CPU.Build.0 = Release|Any CPU
		{E9F519C2-E2AB-4912-8061-A82F7876113B}.Debug|Any CPU.ActiveCfg = Debug|Any CPU
		{E9F519C2-E2AB-4912-8061-A82F7876113B}.Debug|Any CPU.Build.0 = Debug|Any CPU
		{E9F519C2-E2AB-4912-8061-A82F7876113B}.Release|Any CPU.ActiveCfg = Release|Any CPU
		{E9F519C2-E2AB-4912-8061-A82F7876113B}.Release|Any CPU.Build.0 = Release|Any CPU
		{D3C32A06-724E-4415-9D97-0D04C8C5BD6E}.Debug|Any CPU.ActiveCfg = Debug|Any CPU
		{D3C32A06-724E-4415-9D97-0D04C8C5BD6E}.Debug|Any CPU.Build.0 = Debug|Any CPU
		{D3C32A06-724E-4415-9D97-0D04C8C5BD6E}.Release|Any CPU.ActiveCfg = Release|Any CPU
		{D3C32A06-724E-4415-9D97-0D04C8C5BD6E}.Release|Any CPU.Build.0 = Release|Any CPU
		{AE96A5BE-E32B-4B88-A0B0-BD15ED1BD814}.Debug|Any CPU.ActiveCfg = Debug|Any CPU
		{AE96A5BE-E32B-4B88-A0B0-BD15ED1BD814}.Debug|Any CPU.Build.0 = Debug|Any CPU
		{AE96A5BE-E32B-4B88-A0B0-BD15ED1BD814}.Release|Any CPU.ActiveCfg = Release|Any CPU
		{AE96A5BE-E32B-4B88-A0B0-BD15ED1BD814}.Release|Any CPU.Build.0 = Release|Any CPU
		{511EC865-A16E-46CA-9800-2C3AFD4C35ED}.Debug|Any CPU.ActiveCfg = Debug|Any CPU
		{511EC865-A16E-46CA-9800-2C3AFD4C35ED}.Debug|Any CPU.Build.0 = Debug|Any CPU
		{511EC865-A16E-46CA-9800-2C3AFD4C35ED}.Release|Any CPU.ActiveCfg = Release|Any CPU
		{511EC865-A16E-46CA-9800-2C3AFD4C35ED}.Release|Any CPU.Build.0 = Release|Any CPU
		{C3AA2C01-763E-43BE-AE94-A0664BFFC0C1}.Debug|Any CPU.ActiveCfg = Debug|Any CPU
		{C3AA2C01-763E-43BE-AE94-A0664BFFC0C1}.Debug|Any CPU.Build.0 = Debug|Any CPU
		{C3AA2C01-763E-43BE-AE94-A0664BFFC0C1}.Release|Any CPU.ActiveCfg = Release|Any CPU
		{C3AA2C01-763E-43BE-AE94-A0664BFFC0C1}.Release|Any CPU.Build.0 = Release|Any CPU
	EndGlobalSection
	GlobalSection(SolutionProperties) = preSolution
		HideSolutionNode = FALSE
	EndGlobalSection
	GlobalSection(NestedProjects) = preSolution
		{D3C32A06-724E-4415-9D97-0D04C8C5BD6E} = {D7E352FA-0E46-4FD8-98F1-AF742D99FB0A}
		{AE96A5BE-E32B-4B88-A0B0-BD15ED1BD814} = {D7E352FA-0E46-4FD8-98F1-AF742D99FB0A}
		{C3AA2C01-763E-43BE-AE94-A0664BFFC0C1} = {D7E352FA-0E46-4FD8-98F1-AF742D99FB0A}
	EndGlobalSection
EndGlobal
